// !$*UTF8*$!
{
	archiveVersion = 1;
	classes = {
	};
	objectVersion = 77;
	objects = {

/* Begin PBXBuildFile section */
		37D385D82F291AA600D3F925 /* RECORDING_UI_IMPROVEMENTS.md in Resources */ = {isa = PBXBuildFile; fileRef = 37D385D72F291AA600D3F925 /* RECORDING_UI_IMPROVEMENTS.md */; };
/* End PBXBuildFile section */

/* Begin PBXContainerItemProxy section */
		3703BBCB2F280C51009D9E8F /* PBXContainerItemProxy */ = {
			isa = PBXContainerItemProxy;
			containerPortal = 3703BBB32F280C50009D9E8F /* Project object */;
			proxyType = 1;
			remoteGlobalIDString = 3703BBBA2F280C50009D9E8F;
			remoteInfo = MorseModem;
		};
		3703BBD52F280C51009D9E8F /* PBXContainerItemProxy */ = {
			isa = PBXContainerItemProxy;
			containerPortal = 3703BBB32F280C50009D9E8F /* Project object */;
			proxyType = 1;
			remoteGlobalIDString = 3703BBBA2F280C50009D9E8F;
			remoteInfo = MorseModem;
		};
/* End PBXContainerItemProxy section */

/* Begin PBXFileReference section */
		3703BBBB2F280C50009D9E8F /* MorseModem.app */ = {isa = PBXFileReference; explicitFileType = wrapper.application; includeInIndex = 0; path = MorseModem.app; sourceTree = BUILT_PRODUCTS_DIR; };
		3703BBCA2F280C51009D9E8F /* MorseModemTests.xctest */ = {isa = PBXFileReference; explicitFileType = wrapper.cfbundle; includeInIndex = 0; path = MorseModemTests.xctest; sourceTree = BUILT_PRODUCTS_DIR; };
		3703BBD42F280C51009D9E8F /* MorseModemUITests.xctest */ = {isa = PBXFileReference; explicitFileType = wrapper.cfbundle; includeInIndex = 0; path = MorseModemUITests.xctest; sourceTree = BUILT_PRODUCTS_DIR; };
		37D385D72F291AA600D3F925 /* RECORDING_UI_IMPROVEMENTS.md */ = {isa = PBXFileReference; lastKnownFileType = net.daringfireball.markdown; path = RECORDING_UI_IMPROVEMENTS.md; sourceTree = "<group>"; };
/* End PBXFileReference section */

/* Begin PBXFileSystemSynchronizedBuildFileExceptionSet section */
		3726C43A2F28185200FC04B4 /* Exceptions for "MorseModem" folder in "MorseModem" target */ = {
			isa = PBXFileSystemSynchronizedBuildFileExceptionSet;
			membershipExceptions = (
				Info.plist,
			);
			target = 3703BBBA2F280C50009D9E8F /* MorseModem */;
		};
/* End PBXFileSystemSynchronizedBuildFileExceptionSet section */

/* Begin PBXFileSystemSynchronizedRootGroup section */
		3703BBBD2F280C50009D9E8F /* MorseModem */ = {
			isa = PBXFileSystemSynchronizedRootGroup;
			exceptions = (
				3726C43A2F28185200FC04B4 /* Exceptions for "MorseModem" folder in "MorseModem" target */,
			);
			path = MorseModem;
			sourceTree = "<group>";
		};
		3703BBCD2F280C51009D9E8F /* MorseModemTests */ = {
			isa = PBXFileSystemSynchronizedRootGroup;
			path = MorseModemTests;
			sourceTree = "<group>";
		};
		3703BBD72F280C51009D9E8F /* MorseModemUITests */ = {
			isa = PBXFileSystemSynchronizedRootGroup;
			path = MorseModemUITests;
			sourceTree = "<group>";
		};
/* End PBXFileSystemSynchronizedRootGroup section */

/* Begin PBXFrameworksBuildPhase section */
		3703BBB82F280C50009D9E8F /* Frameworks */ = {
			isa = PBXFrameworksBuildPhase;
			buildActionMask = 2147483647;
			files = (
			);
			runOnlyForDeploymentPostprocessing = 0;
		};
		3703BBC72F280C51009D9E8F /* Frameworks */ = {
			isa = PBXFrameworksBuildPhase;
			buildActionMask = 2147483647;
			files = (
			);
			runOnlyForDeploymentPostprocessing = 0;
		};
		3703BBD12F280C51009D9E8F /* Frameworks */ = {
			isa = PBXFrameworksBuildPhase;
			buildActionMask = 2147483647;
			files = (
			);
			runOnlyForDeploymentPostprocessing = 0;
		};
/* End PBXFrameworksBuildPhase section */

/* Begin PBXGroup section */
		3703BBB22F280C50009D9E8F = {
			isa = PBXGroup;
			children = (
				3703BBBD2F280C50009D9E8F /* MorseModem */,
				3703BBCD2F280C51009D9E8F /* MorseModemTests */,
				3703BBD72F280C51009D9E8F /* MorseModemUITests */,
				3703BBBC2F280C50009D9E8F /* Products */,
				37D385D72F291AA600D3F925 /* RECORDING_UI_IMPROVEMENTS.md */,
			);
			sourceTree = "<group>";
		};
		3703BBBC2F280C50009D9E8F /* Products */ = {
			isa = PBXGroup;
			children = (
				3703BBBB2F280C50009D9E8F /* MorseModem.app */,
				3703BBCA2F280C51009D9E8F /* MorseModemTests.xctest */,
				3703BBD42F280C51009D9E8F /* MorseModemUITests.xctest */,
			);
			name = Products;
			sourceTree = "<group>";
		};
/* End PBXGroup section */

/* Begin PBXNativeTarget section */
		3703BBBA2F280C50009D9E8F /* MorseModem */ = {
			isa = PBXNativeTarget;
			buildConfigurationList = 3703BBDE2F280C51009D9E8F /* Build configuration list for PBXNativeTarget "MorseModem" */;
			buildPhases = (
				3703BBB72F280C50009D9E8F /* Sources */,
				3703BBB82F280C50009D9E8F /* Frameworks */,
				3703BBB92F280C50009D9E8F /* Resources */,
			);
			buildRules = (
			);
			dependencies = (
			);
			fileSystemSynchronizedGroups = (
				3703BBBD2F280C50009D9E8F /* MorseModem */,
			);
			name = MorseModem;
			packageProductDependencies = (
			);
			productName = MorseModem;
			productReference = 3703BBBB2F280C50009D9E8F /* MorseModem.app */;
			productType = "com.apple.product-type.application";
		};
		3703BBC92F280C51009D9E8F /* MorseModemTests */ = {
			isa = PBXNativeTarget;
			buildConfigurationList = 3703BBE12F280C51009D9E8F /* Build configuration list for PBXNativeTarget "MorseModemTests" */;
			buildPhases = (
				3703BBC62F280C51009D9E8F /* Sources */,
				3703BBC72F280C51009D9E8F /* Frameworks */,
				3703BBC82F280C51009D9E8F /* Resources */,
			);
			buildRules = (
			);
			dependencies = (
				3703BBCC2F280C51009D9E8F /* PBXTargetDependency */,
			);
			fileSystemSynchronizedGroups = (
				3703BBCD2F280C51009D9E8F /* MorseModemTests */,
			);
			name = MorseModemTests;
			packageProductDependencies = (
			);
			productName = MorseModemTests;
			productReference = 3703BBCA2F280C51009D9E8F /* MorseModemTests.xctest */;
			productType = "com.apple.product-type.bundle.unit-test";
		};
		3703BBD32F280C51009D9E8F /* MorseModemUITests */ = {
			isa = PBXNativeTarget;
			buildConfigurationList = 3703BBE42F280C51009D9E8F /* Build configuration list for PBXNativeTarget "MorseModemUITests" */;
			buildPhases = (
				3703BBD02F280C51009D9E8F /* Sources */,
				3703BBD12F280C51009D9E8F /* Frameworks */,
				3703BBD22F280C51009D9E8F /* Resources */,
			);
			buildRules = (
			);
			dependencies = (
				3703BBD62F280C51009D9E8F /* PBXTargetDependency */,
			);
			fileSystemSynchronizedGroups = (
				3703BBD72F280C51009D9E8F /* MorseModemUITests */,
			);
			name = MorseModemUITests;
			packageProductDependencies = (
			);
			productName = MorseModemUITests;
			productReference = 3703BBD42F280C51009D9E8F /* MorseModemUITests.xctest */;
			productType = "com.apple.product-type.bundle.ui-testing";
		};
/* End PBXNativeTarget section */

/* Begin PBXProject section */
		3703BBB32F280C50009D9E8F /* Project object */ = {
			isa = PBXProject;
			attributes = {
				BuildIndependentTargetsInParallel = 1;
				LastSwiftUpdateCheck = 2620;
				LastUpgradeCheck = 2620;
				TargetAttributes = {
					3703BBBA2F280C50009D9E8F = {
						CreatedOnToolsVersion = 26.2;
					};
					3703BBC92F280C51009D9E8F = {
						CreatedOnToolsVersion = 26.2;
						TestTargetID = 3703BBBA2F280C50009D9E8F;
					};
					3703BBD32F280C51009D9E8F = {
						CreatedOnToolsVersion = 26.2;
						TestTargetID = 3703BBBA2F280C50009D9E8F;
					};
				};
			};
			buildConfigurationList = 3703BBB62F280C50009D9E8F /* Build configuration list for PBXProject "MorseModem" */;
			developmentRegion = en;
			hasScannedForEncodings = 0;
			knownRegions = (
				en,
				Base,
				fr,
			);
			mainGroup = 3703BBB22F280C50009D9E8F;
			minimizedProjectReferenceProxies = 1;
			preferredProjectObjectVersion = 77;
			productRefGroup = 3703BBBC2F280C50009D9E8F /* Products */;
			projectDirPath = "";
			projectRoot = "";
			targets = (
				3703BBBA2F280C50009D9E8F /* MorseModem */,
				3703BBC92F280C51009D9E8F /* MorseModemTests */,
				3703BBD32F280C51009D9E8F /* MorseModemUITests */,
			);
		};
/* End PBXProject section */

/* Begin PBXResourcesBuildPhase section */
		3703BBB92F280C50009D9E8F /* Resources */ = {
			isa = PBXResourcesBuildPhase;
			buildActionMask = 2147483647;
			files = (
				37D385D82F291AA600D3F925 /* RECORDING_UI_IMPROVEMENTS.md in Resources */,
			);
			runOnlyForDeploymentPostprocessing = 0;
		};
		3703BBC82F280C51009D9E8F /* Resources */ = {
			isa = PBXResourcesBuildPhase;
			buildActionMask = 2147483647;
			files = (
			);
			runOnlyForDeploymentPostprocessing = 0;
		};
		3703BBD22F280C51009D9E8F /* Resources */ = {
			isa = PBXResourcesBuildPhase;
			buildActionMask = 2147483647;
			files = (
			);
			runOnlyForDeploymentPostprocessing = 0;
		};
/* End PBXResourcesBuildPhase section */

/* Begin PBXSourcesBuildPhase section */
		3703BBB72F280C50009D9E8F /* Sources */ = {
			isa = PBXSourcesBuildPhase;
			buildActionMask = 2147483647;
			files = (
			);
			runOnlyForDeploymentPostprocessing = 0;
		};
		3703BBC62F280C51009D9E8F /* Sources */ = {
			isa = PBXSourcesBuildPhase;
			buildActionMask = 2147483647;
			files = (
			);
			runOnlyForDeploymentPostprocessing = 0;
		};
		3703BBD02F280C51009D9E8F /* Sources */ = {
			isa = PBXSourcesBuildPhase;
			buildActionMask = 2147483647;
			files = (
			);
			runOnlyForDeploymentPostprocessing = 0;
		};
/* End PBXSourcesBuildPhase section */

/* Begin PBXTargetDependency section */
		3703BBCC2F280C51009D9E8F /* PBXTargetDependency */ = {
			isa = PBXTargetDependency;
			target = 3703BBBA2F280C50009D9E8F /* MorseModem */;
			targetProxy = 3703BBCB2F280C51009D9E8F /* PBXContainerItemProxy */;
		};
		3703BBD62F280C51009D9E8F /* PBXTargetDependency */ = {
			isa = PBXTargetDependency;
			target = 3703BBBA2F280C50009D9E8F /* MorseModem */;
			targetProxy = 3703BBD52F280C51009D9E8F /* PBXContainerItemProxy */;
		};
/* End PBXTargetDependency section */

/* Begin XCBuildConfiguration section */
		3703BBDC2F280C51009D9E8F /* Debug */ = {
			isa = XCBuildConfiguration;
			buildSettings = {
				ALWAYS_SEARCH_USER_PATHS = NO;
				ASSETCATALOG_COMPILER_GENERATE_SWIFT_ASSET_SYMBOL_EXTENSIONS = YES;
				CLANG_ANALYZER_NONNULL = YES;
				CLANG_ANALYZER_NUMBER_OBJECT_CONVERSION = YES_AGGRESSIVE;
				CLANG_CXX_LANGUAGE_STANDARD = "gnu++20";
				CLANG_ENABLE_MODULES = YES;
				CLANG_ENABLE_OBJC_ARC = YES;
				CLANG_ENABLE_OBJC_WEAK = YES;
				CLANG_WARN_BLOCK_CAPTURE_AUTORELEASING = YES;
				CLANG_WARN_BOOL_CONVERSION = YES;
				CLANG_WARN_COMMA = YES;
				CLANG_WARN_CONSTANT_CONVERSION = YES;
				CLANG_WARN_DEPRECATED_OBJC_IMPLEMENTATIONS = YES;
				CLANG_WARN_DIRECT_OBJC_ISA_USAGE = YES_ERROR;
				CLANG_WARN_DOCUMENTATION_COMMENTS = YES;
				CLANG_WARN_EMPTY_BODY = YES;
				CLANG_WARN_ENUM_CONVERSION = YES;
				CLANG_WARN_INFINITE_RECURSION = YES;
				CLANG_WARN_INT_CONVERSION = YES;
				CLANG_WARN_NON_LITERAL_NULL_CONVERSION = YES;
				CLANG_WARN_OBJC_IMPLICIT_RETAIN_SELF = YES;
				CLANG_WARN_OBJC_LITERAL_CONVERSION = YES;
				CLANG_WARN_OBJC_ROOT_CLASS = YES_ERROR;
				CLANG_WARN_QUOTED_INCLUDE_IN_FRAMEWORK_HEADER = YES;
				CLANG_WARN_RANGE_LOOP_ANALYSIS = YES;
				CLANG_WARN_STRICT_PROTOTYPES = YES;
				CLANG_WARN_SUSPICIOUS_MOVE = YES;
				CLANG_WARN_UNGUARDED_AVAILABILITY = YES_AGGRESSIVE;
				CLANG_WARN_UNREACHABLE_CODE = YES;
				CLANG_WARN__DUPLICATE_METHOD_MATCH = YES;
				COPY_PHASE_STRIP = NO;
				DEBUG_INFORMATION_FORMAT = dwarf;
				DEVELOPMENT_TEAM = BM8K25SVCR;
				ENABLE_STRICT_OBJC_MSGSEND = YES;
				ENABLE_TESTABILITY = YES;
				ENABLE_USER_SCRIPT_SANDBOXING = YES;
				GCC_C_LANGUAGE_STANDARD = gnu17;
				GCC_DYNAMIC_NO_PIC = NO;
				GCC_NO_COMMON_BLOCKS = YES;
				GCC_OPTIMIZATION_LEVEL = 0;
				GCC_PREPROCESSOR_DEFINITIONS = (
					"DEBUG=1",
					"$(inherited)",
				);
				GCC_WARN_64_TO_32_BIT_CONVERSION = YES;
				GCC_WARN_ABOUT_RETURN_TYPE = YES_ERROR;
				GCC_WARN_UNDECLARED_SELECTOR = YES;
				GCC_WARN_UNINITIALIZED_AUTOS = YES_AGGRESSIVE;
				GCC_WARN_UNUSED_FUNCTION = YES;
				GCC_WARN_UNUSED_VARIABLE = YES;
				IPHONEOS_DEPLOYMENT_TARGET = 26.2;
				LOCALIZATION_PREFERS_STRING_CATALOGS = YES;
				MTL_ENABLE_DEBUG_INFO = INCLUDE_SOURCE;
				MTL_FAST_MATH = YES;
				ONLY_ACTIVE_ARCH = YES;
				SDKROOT = iphoneos;
				SWIFT_ACTIVE_COMPILATION_CONDITIONS = "DEBUG $(inherited)";
				SWIFT_OPTIMIZATION_LEVEL = "-Onone";
			};
			name = Debug;
		};
		3703BBDD2F280C51009D9E8F /* Release */ = {
			isa = XCBuildConfiguration;
			buildSettings = {
				ALWAYS_SEARCH_USER_PATHS = NO;
				ASSETCATALOG_COMPILER_GENERATE_SWIFT_ASSET_SYMBOL_EXTENSIONS = YES;
				CLANG_ANALYZER_NONNULL = YES;
				CLANG_ANALYZER_NUMBER_OBJECT_CONVERSION = YES_AGGRESSIVE;
				CLANG_CXX_LANGUAGE_STANDARD = "gnu++20";
				CLANG_ENABLE_MODULES = YES;
				CLANG_ENABLE_OBJC_ARC = YES;
				CLANG_ENABLE_OBJC_WEAK = YES;
				CLANG_WARN_BLOCK_CAPTURE_AUTORELEASING = YES;
				CLANG_WARN_BOOL_CONVERSION = YES;
				CLANG_WARN_COMMA = YES;
				CLANG_WARN_CONSTANT_CONVERSION = YES;
				CLANG_WARN_DEPRECATED_OBJC_IMPLEMENTATIONS = YES;
				CLANG_WARN_DIRECT_OBJC_ISA_USAGE = YES_ERROR;
				CLANG_WARN_DOCUMENTATION_COMMENTS = YES;
				CLANG_WARN_EMPTY_BODY = YES;
				CLANG_WARN_ENUM_CONVERSION = YES;
				CLANG_WARN_INFINITE_RECURSION = YES;
				CLANG_WARN_INT_CONVERSION = YES;
				CLANG_WARN_NON_LITERAL_NULL_CONVERSION = YES;
				CLANG_WARN_OBJC_IMPLICIT_RETAIN_SELF = YES;
				CLANG_WARN_OBJC_LITERAL_CONVERSION = YES;
				CLANG_WARN_OBJC_ROOT_CLASS = YES_ERROR;
				CLANG_WARN_QUOTED_INCLUDE_IN_FRAMEWORK_HEADER = YES;
				CLANG_WARN_RANGE_LOOP_ANALYSIS = YES;
				CLANG_WARN_STRICT_PROTOTYPES = YES;
				CLANG_WARN_SUSPICIOUS_MOVE = YES;
				CLANG_WARN_UNGUARDED_AVAILABILITY = YES_AGGRESSIVE;
				CLANG_WARN_UNREACHABLE_CODE = YES;
				CLANG_WARN__DUPLICATE_METHOD_MATCH = YES;
				COPY_PHASE_STRIP = NO;
				DEBUG_INFORMATION_FORMAT = "dwarf-with-dsym";
				DEVELOPMENT_TEAM = BM8K25SVCR;
				ENABLE_NS_ASSERTIONS = NO;
				ENABLE_STRICT_OBJC_MSGSEND = YES;
				ENABLE_USER_SCRIPT_SANDBOXING = YES;
				GCC_C_LANGUAGE_STANDARD = gnu17;
				GCC_NO_COMMON_BLOCKS = YES;
				GCC_WARN_64_TO_32_BIT_CONVERSION = YES;
				GCC_WARN_ABOUT_RETURN_TYPE = YES_ERROR;
				GCC_WARN_UNDECLARED_SELECTOR = YES;
				GCC_WARN_UNINITIALIZED_AUTOS = YES_AGGRESSIVE;
				GCC_WARN_UNUSED_FUNCTION = YES;
				GCC_WARN_UNUSED_VARIABLE = YES;
				IPHONEOS_DEPLOYMENT_TARGET = 26.2;
				LOCALIZATION_PREFERS_STRING_CATALOGS = YES;
				MTL_ENABLE_DEBUG_INFO = NO;
				MTL_FAST_MATH = YES;
				SDKROOT = iphoneos;
				SWIFT_COMPILATION_MODE = wholemodule;
				VALIDATE_PRODUCT = YES;
			};
			name = Release;
		};
		3703BBDF2F280C51009D9E8F /* Debug */ = {
			isa = XCBuildConfiguration;
			buildSettings = {
				ASSETCATALOG_COMPILER_APPICON_NAME = AppIcon;
				ASSETCATALOG_COMPILER_GLOBAL_ACCENT_COLOR_NAME = AccentColor;
				CODE_SIGN_STYLE = Automatic;
				CURRENT_PROJECT_VERSION = 1;
				DEVELOPMENT_TEAM = BM8K25SVCR;
				ENABLE_PREVIEWS = YES;
				GENERATE_INFOPLIST_FILE = YES;
				INFOPLIST_FILE = MorseModem/Info.plist;
				INFOPLIST_KEY_CFBundleDisplayName = "";
				INFOPLIST_KEY_LSApplicationCategoryType = "public.app-category.utilities";
				INFOPLIST_KEY_LSSupportsOpeningDocumentsInPlace = YES;
				INFOPLIST_KEY_NSMicrophoneUsageDescription = "Record morse message via microphone";
				INFOPLIST_KEY_UIApplicationSceneManifest_Generation = YES;
				INFOPLIST_KEY_UIApplicationSupportsIndirectInputEvents = YES;
				INFOPLIST_KEY_UILaunchScreen_Generation = YES;
				INFOPLIST_KEY_UIStatusBarStyle = "";
				INFOPLIST_KEY_UISupportedInterfaceOrientations = "UIInterfaceOrientationLandscapeLeft UIInterfaceOrientationLandscapeRight UIInterfaceOrientationPortrait UIInterfaceOrientationPortraitUpsideDown";
				LD_RUNPATH_SEARCH_PATHS = (
					"$(inherited)",
					"@executable_path/Frameworks",
				);
				MARKETING_VERSION = 1.0;
				PRODUCT_BUNDLE_IDENTIFIER = xyz.nlhomme.MorseModem;
				PRODUCT_NAME = "$(TARGET_NAME)";
				STRING_CATALOG_GENERATE_SYMBOLS = YES;
				SWIFT_APPROACHABLE_CONCURRENCY = YES;
				SWIFT_DEFAULT_ACTOR_ISOLATION = MainActor;
				SWIFT_EMIT_LOC_STRINGS = YES;
				SWIFT_UPCOMING_FEATURE_MEMBER_IMPORT_VISIBILITY = YES;
				SWIFT_VERSION = 5.0;
				TARGETED_DEVICE_FAMILY = "1,2";
			};
			name = Debug;
		};
		3703BBE02F280C51009D9E8F /* Release */ = {
			isa = XCBuildConfiguration;
			buildSettings = {
				ASSETCATALOG_COMPILER_APPICON_NAME = AppIcon;
				ASSETCATALOG_COMPILER_GLOBAL_ACCENT_COLOR_NAME = AccentColor;
				CODE_SIGN_STYLE = Automatic;
				CURRENT_PROJECT_VERSION = 1;
				DEVELOPMENT_TEAM = BM8K25SVCR;
				ENABLE_PREVIEWS = YES;
				GENERATE_INFOPLIST_FILE = YES;
				INFOPLIST_FILE = MorseModem/Info.plist;
				INFOPLIST_KEY_CFBundleDisplayName = "";
				INFOPLIST_KEY_LSApplicationCategoryType = "public.app-category.utilities";
				INFOPLIST_KEY_LSSupportsOpeningDocumentsInPlace = YES;
				INFOPLIST_KEY_NSMicrophoneUsageDescription = "Record morse message via microphone";
				INFOPLIST_KEY_UIApplicationSceneManifest_Generation = YES;
				INFOPLIST_KEY_UIApplicationSupportsIndirectInputEvents = YES;
				INFOPLIST_KEY_UILaunchScreen_Generation = YES;
				INFOPLIST_KEY_UIStatusBarStyle = "";
				INFOPLIST_KEY_UISupportedInterfaceOrientations = "UIInterfaceOrientationLandscapeLeft UIInterfaceOrientationLandscapeRight UIInterfaceOrientationPortrait UIInterfaceOrientationPortraitUpsideDown";
				LD_RUNPATH_SEARCH_PATHS = (
					"$(inherited)",
					"@executable_path/Frameworks",
				);
				MARKETING_VERSION = 1.0;
				PRODUCT_BUNDLE_IDENTIFIER = xyz.nlhomme.MorseModem;
				PRODUCT_NAME = "$(TARGET_NAME)";
				STRING_CATALOG_GENERATE_SYMBOLS = YES;
				SWIFT_APPROACHABLE_CONCURRENCY = YES;
				SWIFT_DEFAULT_ACTOR_ISOLATION = MainActor;
				SWIFT_EMIT_LOC_STRINGS = YES;
				SWIFT_UPCOMING_FEATURE_MEMBER_IMPORT_VISIBILITY = YES;
				SWIFT_VERSION = 5.0;
				TARGETED_DEVICE_FAMILY = "1,2";
			};
			name = Release;
		};
		3703BBE22F280C51009D9E8F /* Debug */ = {
			isa = XCBuildConfiguration;
			buildSettings = {
				BUNDLE_LOADER = "$(TEST_HOST)";
				CODE_SIGN_STYLE = Automatic;
				CURRENT_PROJECT_VERSION = 1;
				DEVELOPMENT_TEAM = BM8K25SVCR;
				GENERATE_INFOPLIST_FILE = YES;
				IPHONEOS_DEPLOYMENT_TARGET = 26.2;
				MARKETING_VERSION = 1.0;
				PRODUCT_BUNDLE_IDENTIFIER = xyz.nlhomme.MorseModemTests;
				PRODUCT_NAME = "$(TARGET_NAME)";
				STRING_CATALOG_GENERATE_SYMBOLS = NO;
				SWIFT_APPROACHABLE_CONCURRENCY = YES;
				SWIFT_EMIT_LOC_STRINGS = NO;
				SWIFT_UPCOMING_FEATURE_MEMBER_IMPORT_VISIBILITY = YES;
				SWIFT_VERSION = 5.0;
				TARGETED_DEVICE_FAMILY = "1,2";
				TEST_HOST = "$(BUILT_PRODUCTS_DIR)/MorseModem.app/$(BUNDLE_EXECUTABLE_FOLDER_PATH)/MorseModem";
			};
			name = Debug;
		};
		3703BBE32F280C51009D9E8F /* Release */ = {
			isa = XCBuildConfiguration;
			buildSettings = {
				BUNDLE_LOADER = "$(TEST_HOST)";
				CODE_SIGN_STYLE = Automatic;
				CURRENT_PROJECT_VERSION = 1;
				DEVELOPMENT_TEAM = BM8K25SVCR;
				GENERATE_INFOPLIST_FILE = YES;
				IPHONEOS_DEPLOYMENT_TARGET = 26.2;
				MARKETING_VERSION = 1.0;
				PRODUCT_BUNDLE_IDENTIFIER = xyz.nlhomme.MorseModemTests;
				PRODUCT_NAME = "$(TARGET_NAME)";
				STRING_CATALOG_GENERATE_SYMBOLS = NO;
				SWIFT_APPROACHABLE_CONCURRENCY = YES;
				SWIFT_EMIT_LOC_STRINGS = NO;
				SWIFT_UPCOMING_FEATURE_MEMBER_IMPORT_VISIBILITY = YES;
				SWIFT_VERSION = 5.0;
				TARGETED_DEVICE_FAMILY = "1,2";
				TEST_HOST = "$(BUILT_PRODUCTS_DIR)/MorseModem.app/$(BUNDLE_EXECUTABLE_FOLDER_PATH)/MorseModem";
			};
			name = Release;
		};
		3703BBE52F280C51009D9E8F /* Debug */ = {
			isa = XCBuildConfiguration;
			buildSettings = {
				CODE_SIGN_STYLE = Automatic;
				CURRENT_PROJECT_VERSION = 1;
				DEVELOPMENT_TEAM = BM8K25SVCR;
				GENERATE_INFOPLIST_FILE = YES;
				MARKETING_VERSION = 1.0;
				PRODUCT_BUNDLE_IDENTIFIER = xyz.nlhomme.MorseModemUITests;
				PRODUCT_NAME = "$(TARGET_NAME)";
				STRING_CATALOG_GENERATE_SYMBOLS = NO;
				SWIFT_APPROACHABLE_CONCURRENCY = YES;
				SWIFT_EMIT_LOC_STRINGS = NO;
				SWIFT_UPCOMING_FEATURE_MEMBER_IMPORT_VISIBILITY = YES;
				SWIFT_VERSION = 5.0;
				TARGETED_DEVICE_FAMILY = "1,2";
				TEST_TARGET_NAME = MorseModem;
			};
			name = Debug;
		};
		3703BBE62F280C51009D9E8F /* Release */ = {
			isa = XCBuildConfiguration;
			buildSettings = {
				CODE_SIGN_STYLE = Automatic;
				CURRENT_PROJECT_VERSION = 1;
				DEVELOPMENT_TEAM = BM8K25SVCR;
				GENERATE_INFOPLIST_FILE = YES;
				MARKETING_VERSION = 1.0;
				PRODUCT_BUNDLE_IDENTIFIER = xyz.nlhomme.MorseModemUITests;
				PRODUCT_NAME = "$(TARGET_NAME)";
				STRING_CATALOG_GENERATE_SYMBOLS = NO;
				SWIFT_APPROACHABLE_CONCURRENCY = YES;
				SWIFT_EMIT_LOC_STRINGS = NO;
				SWIFT_UPCOMING_FEATURE_MEMBER_IMPORT_VISIBILITY = YES;
				SWIFT_VERSION = 5.0;
				TARGETED_DEVICE_FAMILY = "1,2";
				TEST_TARGET_NAME = MorseModem;
			};
			name = Release;
		};
/* End XCBuildConfiguration section */

/* Begin XCConfigurationList section */
		3703BBB62F280C50009D9E8F /* Build configuration list for PBXProject "MorseModem" */ = {
			isa = XCConfigurationList;
			buildConfigurations = (
				3703BBDC2F280C51009D9E8F /* Debug */,
				3703BBDD2F280C51009D9E8F /* Release */,
			);
			defaultConfigurationIsVisible = 0;
			defaultConfigurationName = Release;
		};
		3703BBDE2F280C51009D9E8F /* Build configuration list for PBXNativeTarget "MorseModem" */ = {
			isa = XCConfigurationList;
			buildConfigurations = (
				3703BBDF2F280C51009D9E8F /* Debug */,
				3703BBE02F280C51009D9E8F /* Release */,
			);
			defaultConfigurationIsVisible = 0;
			defaultConfigurationName = Release;
		};
		3703BBE12F280C51009D9E8F /* Build configuration list for PBXNativeTarget "MorseModemTests" */ = {
			isa = XCConfigurationList;
			buildConfigurations = (
				3703BBE22F280C51009D9E8F /* Debug */,
				3703BBE32F280C51009D9E8F /* Release */,
			);
			defaultConfigurationIsVisible = 0;
			defaultConfigurationName = Release;
		};
		3703BBE42F280C51009D9E8F /* Build configuration list for PBXNativeTarget "MorseModemUITests" */ = {
			isa = XCConfigurationList;
			buildConfigurations = (
				3703BBE52F280C51009D9E8F /* Debug */,
				3703BBE62F280C51009D9E8F /* Release */,
			);
			defaultConfigurationIsVisible = 0;
			defaultConfigurationName = Release;
		};
/* End XCConfigurationList section */
	};
	rootObject = 3703BBB32F280C50009D9E8F /* Project object */;
}
